{
  "lockfileVersion": 1,
  "configVersion": 1,
  "workspaces": {
    "": {
      "name": "cli",
      "dependencies": {
        "commander": "^14.0.3",
        "libsodium-wrappers-sumo": "^0.8.2",
        "webdav-server": "^2.6.2",
      },
      "devDependencies": {
        "@types/bun": "latest",
      },
      "peerDependencies": {
        "typescript": "^5",
      },
    },
  },
  "packages": {
    "@types/bun": ["@types/bun@1.3.8", "", { "dependencies": { "bun-types": "1.3.8" } }, "sha512-3LvWJ2q5GerAXYxO2mffLTqOzEu5qnhEAlh48Vnu8WQfnmSwbgagjGZV6BoHKJztENYEDn6QmVd949W4uESRJA=="],

    "@types/node": ["@types/node@25.1.0", "", { "dependencies": { "undici-types": "~7.16.0" } }, "sha512-t7frlewr6+cbx+9Ohpl0NOTKXZNV9xHRmNOvql47BFJKcEG1CxtxlPEEe+gR9uhVWM4DwhnvTF110mIL4yP9RA=="],

    "bun-types": ["bun-types@1.3.8", "", { "dependencies": { "@types/node": "*" } }, "sha512-fL99nxdOWvV4LqjmC+8Q9kW3M4QTtTR1eePs94v5ctGqU8OeceWrSUaRw3JYb7tU3FkMIAjkueehrHPPPGKi5Q=="],

    "commander": ["commander@14.0.3", "", {}, "sha512-H+y0Jo/T1RZ9qPP4Eh1pkcQcLRglraJaSLoyOtHxu6AapkjWVCy2Sit1QQ4x3Dng8qDlSsZEet7g5Pq06MvTgw=="],

    "libsodium-sumo": ["libsodium-sumo@0.8.2", "", {}, "sha512-uMgnjphJ717jLN+jFG1HUgNrK/gOVVfaO1DGZ1Ig/fKLKLVhvaH/sM1I1v784JFvmkJDaczDpi7xSYC4Jvdo1Q=="],

    "libsodium-wrappers-sumo": ["libsodium-wrappers-sumo@0.8.2", "", { "dependencies": { "libsodium-sumo": "^0.8.0" } }, "sha512-wd1xAY++Kr6VMikSaa4EPRAHJmFvNlGWiiwU3Jh3GR1zRYF3/I3vy/wYsr4k3LVsNzwb9sqfEQ4LdVQ6zEebyQ=="],

    "mime-db": ["mime-db@1.52.0", "", {}, "sha512-sPU4uV7dYlvtWJxwwxHD0PuihVNiE7TyAbQ5SWxDCB9mUYvOgroQOwYQQOKPJ8CIbE+1ETVlOoK1UC2nU3gYvg=="],

    "mime-types": ["mime-types@2.1.35", "", { "dependencies": { "mime-db": "1.52.0" } }, "sha512-ZDY+bPm5zTTF+YpCrAU9nK0UgICYPT0QtT1NZWFv4s++TNkcgVaT0g6+4R2uI4MjQjzysHB1zxuWL50hzaeXiw=="],

    "sax": ["sax@1.4.4", "", {}, "sha512-1n3r/tGXO6b6VXMdFT54SHzT9ytu9yr7TaELowdYpMqY/Ao7EnlQGmAQ1+RatX7Tkkdm6hONI2owqNx2aZj5Sw=="],

    "typescript": ["typescript@5.9.3", "", { "bin": { "tsc": "bin/tsc", "tsserver": "bin/tsserver" } }, "sha512-jl1vZzPDinLr9eUt3J/t7V6FgNEw9QjvBPdysz9KfQDD41fQrC2Y4vKQdiaUpFT4bXlb1RHhLpp8wtm6M5TgSw=="],

    "undici-types": ["undici-types@7.16.0", "", {}, "sha512-Zz+aZWSj8LE6zoxD+xrjh4VfkIG8Ya6LvYkZqtUQGJPZjYl53ypCaUwWqo7eI0x66KBGeRo+mlBEkMSeSZ38Nw=="],

    "webdav-server": ["webdav-server@2.6.2", "", { "dependencies": { "mime-types": "^2.1.18", "xml-js-builder": "^1.0.3" } }, "sha512-0iHdrOzlKGFD96bTvPF8IIEfxw9Q7jB5LqWqhjyBYsofD6T6mOYqWtAvR88VY9Mq0xeg8bCRHC2Vifc9iuTYuw=="],

    "xml-js": ["xml-js@1.6.11", "", { "dependencies": { "sax": "^1.2.4" }, "bin": { "xml-js": "./bin/cli.js" } }, "sha512-7rVi2KMfwfWFl+GpPg6m80IVMWXLRjO+PxTq7V2CDhoGak0wzYzFgUY2m4XJ47OGdXd8eLE8EmwfAmdjw7lC1g=="],

    "xml-js-builder": ["xml-js-builder@1.0.3", "", { "dependencies": { "xml-js": "^1.6.2" } }, "sha512-BoLgG/glT45M0jK5PGh9h+iGrQxa8jJk9ofR63GroRifl2tbGB3/yYiVY3wQWHrZgWWfl9+7fhEB/VoD9mWnSg=="],
  }
}
